// !$*UTF8*$!
{
	archiveVersion = 1;
	classes = {
	};
	objectVersion = 56;
	objects = {

/* Begin PBXBuildFile section */
		8962DCE02A61683C0092F6A3 /* AppDelegate.swift in Sources */ = {isa = PBXBuildFile; fileRef = 8962DCDF2A61683C0092F6A3 /* AppDelegate.swift */; };
		8962DCE22A61683C0092F6A3 /* SceneDelegate.swift in Sources */ = {isa = PBXBuildFile; fileRef = 8962DCE12A61683C0092F6A3 /* SceneDelegate.swift */; };
		8962DCE42A61683C0092F6A3 /* WeatherViewController.swift in Sources */ = {isa = PBXBuildFile; fileRef = 8962DCE32A61683C0092F6A3 /* WeatherViewController.swift */; };
		8962DCE72A61683C0092F6A3 /* Main.storyboard in Resources */ = {isa = PBXBuildFile; fileRef = 8962DCE52A61683C0092F6A3 /* Main.storyboard */; };
		8962DCE92A61683E0092F6A3 /* Assets.xcassets in Resources */ = {isa = PBXBuildFile; fileRef = 8962DCE82A61683E0092F6A3 /* Assets.xcassets */; };
		8962DCEC2A61683E0092F6A3 /* LaunchScreen.storyboard in Resources */ = {isa = PBXBuildFile; fileRef = 8962DCEA2A61683E0092F6A3 /* LaunchScreen.storyboard */; };
		8962DCF72A61683E0092F6A3 /* iWeatherAppTests.swift in Sources */ = {isa = PBXBuildFile; fileRef = 8962DCF62A61683E0092F6A3 /* iWeatherAppTests.swift */; };
		8962DD012A61683E0092F6A3 /* iWeatherAppUITests.swift in Sources */ = {isa = PBXBuildFile; fileRef = 8962DD002A61683E0092F6A3 /* iWeatherAppUITests.swift */; };
		8962DD032A61683E0092F6A3 /* iWeatherAppUITestsLaunchTests.swift in Sources */ = {isa = PBXBuildFile; fileRef = 8962DD022A61683E0092F6A3 /* iWeatherAppUITestsLaunchTests.swift */; };
		8962DD1B2A616D4A0092F6A3 /* WeatherManager.swift in Sources */ = {isa = PBXBuildFile; fileRef = 8962DD1A2A616D4A0092F6A3 /* WeatherManager.swift */; };
		8962DD1D2A616D590092F6A3 /* WeatherData.swift in Sources */ = {isa = PBXBuildFile; fileRef = 8962DD1C2A616D590092F6A3 /* WeatherData.swift */; };
		8962DD1F2A616D700092F6A3 /* WeatherModel.swift in Sources */ = {isa = PBXBuildFile; fileRef = 8962DD1E2A616D700092F6A3 /* WeatherModel.swift */; };
		8962DD262A6177970092F6A3 /* README.md in Resources */ = {isa = PBXBuildFile; fileRef = 8962DD252A6177970092F6A3 /* README.md */; };
		8962DD282A6178060092F6A3 /* Documentation in Resources */ = {isa = PBXBuildFile; fileRef = 8962DD272A6178060092F6A3 /* Documentation */; };
/* End PBXBuildFile section */

/* Begin PBXContainerItemProxy section */
		8962DCF32A61683E0092F6A3 /* PBXContainerItemProxy */ = {
			isa = PBXContainerItemProxy;
			containerPortal = 8962DCD42A61683C0092F6A3 /* Project object */;
			proxyType = 1;
			remoteGlobalIDString = 8962DCDB2A61683C0092F6A3;
			remoteInfo = iWeatherApp;
		};
		8962DCFD2A61683E0092F6A3 /* PBXContainerItemProxy */ = {
			isa = PBXContainerItemProxy;
			containerPortal = 8962DCD42A61683C0092F6A3 /* Project object */;
			proxyType = 1;
			remoteGlobalIDString = 8962DCDB2A61683C0092F6A3;
			remoteInfo = iWeatherApp;
		};
/* End PBXContainerItemProxy section */

/* Begin PBXFileReference section */
		8962DCDC2A61683C0092F6A3 /* iWeatherApp.app */ = {isa = PBXFileReference; explicitFileType = wrapper.application; includeInIndex = 0; path = iWeatherApp.app; sourceTree = BUILT_PRODUCTS_DIR; };
		8962DCDF2A61683C0092F6A3 /* AppDelegate.swift */ = {isa = PBXFileReference; lastKnownFileType = sourcecode.swift; path = AppDelegate.swift; sourceTree = "<group>"; };
		8962DCE12A61683C0092F6A3 /* SceneDelegate.swift */ = {isa = PBXFileReference; lastKnownFileType = sourcecode.swift; path = SceneDelegate.swift; sourceTree = "<group>"; };
		8962DCE32A61683C0092F6A3 /* WeatherViewController.swift */ = {isa = PBXFileReference; lastKnownFileType = sourcecode.swift; path = WeatherViewController.swift; sourceTree = "<group>"; };
		8962DCE62A61683C0092F6A3 /* Base */ = {isa = PBXFileReference; lastKnownFileType = file.storyboard; name = Base; path = Base.lproj/Main.storyboard; sourceTree = "<group>"; };
		8962DCE82A61683E0092F6A3 /* Assets.xcassets */ = {isa = PBXFileReference; lastKnownFileType = folder.assetcatalog; path = Assets.xcassets; sourceTree = "<group>"; };
		8962DCEB2A61683E0092F6A3 /* Base */ = {isa = PBXFileReference; lastKnownFileType = file.storyboard; name = Base; path = Base.lproj/LaunchScreen.storyboard; sourceTree = "<group>"; };
		8962DCED2A61683E0092F6A3 /* Info.plist */ = {isa = PBXFileReference; lastKnownFileType = text.plist.xml; path = Info.plist; sourceTree = "<group>"; };
		8962DCF22A61683E0092F6A3 /* iWeatherAppTests.xctest */ = {isa = PBXFileReference; explicitFileType = wrapper.cfbundle; includeInIndex = 0; path = iWeatherAppTests.xctest; sourceTree = BUILT_PRODUCTS_DIR; };
		8962DCF62A61683E0092F6A3 /* iWeatherAppTests.swift */ = {isa = PBXFileReference; lastKnownFileType = sourcecode.swift; path = iWeatherAppTests.swift; sourceTree = "<group>"; };
		8962DCFC2A61683E0092F6A3 /* iWeatherAppUITests.xctest */ = {isa = PBXFileReference; explicitFileType = wrapper.cfbundle; includeInIndex = 0; path = iWeatherAppUITests.xctest; sourceTree = BUILT_PRODUCTS_DIR; };
		8962DD002A61683E0092F6A3 /* iWeatherAppUITests.swift */ = {isa = PBXFileReference; lastKnownFileType = sourcecode.swift; path = iWeatherAppUITests.swift; sourceTree = "<group>"; };
		8962DD022A61683E0092F6A3 /* iWeatherAppUITestsLaunchTests.swift */ = {isa = PBXFileReference; lastKnownFileType = sourcecode.swift; path = iWeatherAppUITestsLaunchTests.swift; sourceTree = "<group>"; };
		8962DD1A2A616D4A0092F6A3 /* WeatherManager.swift */ = {isa = PBXFileReference; lastKnownFileType = sourcecode.swift; path = WeatherManager.swift; sourceTree = "<group>"; };
		8962DD1C2A616D590092F6A3 /* WeatherData.swift */ = {isa = PBXFileReference; lastKnownFileType = sourcecode.swift; path = WeatherData.swift; sourceTree = "<group>"; };
		8962DD1E2A616D700092F6A3 /* WeatherModel.swift */ = {isa = PBXFileReference; lastKnownFileType = sourcecode.swift; path = WeatherModel.swift; sourceTree = "<group>"; };
		8962DD252A6177970092F6A3 /* README.md */ = {isa = PBXFileReference; fileEncoding = 4; lastKnownFileType = net.daringfireball.markdown; path = README.md; sourceTree = "<group>"; };
		8962DD272A6178060092F6A3 /* Documentation */ = {isa = PBXFileReference; lastKnownFileType = folder; path = Documentation; sourceTree = "<group>"; };
/* End PBXFileReference section */

/* Begin PBXFrameworksBuildPhase section */
		8962DCD92A61683C0092F6A3 /* Frameworks */ = {
			isa = PBXFrameworksBuildPhase;
			buildActionMask = 2147483647;
			files = (
			);
			runOnlyForDeploymentPostprocessing = 0;
		};
		8962DCEF2A61683E0092F6A3 /* Frameworks */ = {
			isa = PBXFrameworksBuildPhase;
			buildActionMask = 2147483647;
			files = (
			);
			runOnlyForDeploymentPostprocessing = 0;
		};
		8962DCF92A61683E0092F6A3 /* Frameworks */ = {
			isa = PBXFrameworksBuildPhase;
			buildActionMask = 2147483647;
			files = (
			);
			runOnlyForDeploymentPostprocessing = 0;
		};
/* End PBXFrameworksBuildPhase section */

/* Begin PBXGroup section */
		8962DCD32A61683C0092F6A3 = {
			isa = PBXGroup;
			children = (
				8962DD272A6178060092F6A3 /* Documentation */,
				8962DD252A6177970092F6A3 /* README.md */,
				8962DCDE2A61683C0092F6A3 /* iWeatherApp */,
				8962DCF52A61683E0092F6A3 /* iWeatherAppTests */,
				8962DCFF2A61683E0092F6A3 /* iWeatherAppUITests */,
				8962DCDD2A61683C0092F6A3 /* Products */,
			);
			sourceTree = "<group>";
		};
		8962DCDD2A61683C0092F6A3 /* Products */ = {
			isa = PBXGroup;
			children = (
				8962DCDC2A61683C0092F6A3 /* iWeatherApp.app */,
				8962DCF22A61683E0092F6A3 /* iWeatherAppTests.xctest */,
				8962DCFC2A61683E0092F6A3 /* iWeatherAppUITests.xctest */,
			);
			name = Products;
			sourceTree = "<group>";
		};
		8962DCDE2A61683C0092F6A3 /* iWeatherApp */ = {
			isa = PBXGroup;
			children = (
				8962DCDF2A61683C0092F6A3 /* AppDelegate.swift */,
				8962DCE12A61683C0092F6A3 /* SceneDelegate.swift */,
				8962DD202A616D7A0092F6A3 /* Model */,
				8962DD182A616CD70092F6A3 /* View */,
				8962DD192A616CF40092F6A3 /* Controller */,
				8962DCE82A61683E0092F6A3 /* Assets.xcassets */,
				8962DCEA2A61683E0092F6A3 /* LaunchScreen.storyboard */,
				8962DCED2A61683E0092F6A3 /* Info.plist */,
			);
			path = iWeatherApp;
			sourceTree = "<group>";
		};
		8962DCF52A61683E0092F6A3 /* iWeatherAppTests */ = {
			isa = PBXGroup;
			children = (
				8962DCF62A61683E0092F6A3 /* iWeatherAppTests.swift */,
			);
			path = iWeatherAppTests;
			sourceTree = "<group>";
		};
		8962DCFF2A61683E0092F6A3 /* iWeatherAppUITests */ = {
			isa = PBXGroup;
			children = (
				8962DD002A61683E0092F6A3 /* iWeatherAppUITests.swift */,
				8962DD022A61683E0092F6A3 /* iWeatherAppUITestsLaunchTests.swift */,
			);
			path = iWeatherAppUITests;
			sourceTree = "<group>";
		};
		8962DD182A616CD70092F6A3 /* View */ = {
			isa = PBXGroup;
			children = (
				8962DCE52A61683C0092F6A3 /* Main.storyboard */,
			);
			path = View;
			sourceTree = "<group>";
		};
		8962DD192A616CF40092F6A3 /* Controller */ = {
			isa = PBXGroup;
			children = (
				8962DCE32A61683C0092F6A3 /* WeatherViewController.swift */,
			);
			path = Controller;
			sourceTree = "<group>";
		};
		8962DD202A616D7A0092F6A3 /* Model */ = {
			isa = PBXGroup;
			children = (
				8962DD1A2A616D4A0092F6A3 /* WeatherManager.swift */,
				8962DD1C2A616D590092F6A3 /* WeatherData.swift */,
				8962DD1E2A616D700092F6A3 /* WeatherModel.swift */,
			);
			path = Model;
			sourceTree = "<group>";
		};
/* End PBXGroup section */

/* Begin PBXNativeTarget section */
		8962DCDB2A61683C0092F6A3 /* iWeatherApp */ = {
			isa = PBXNativeTarget;
			buildConfigurationList = 8962DD062A61683E0092F6A3 /* Build configuration list for PBXNativeTarget "iWeatherApp" */;
			buildPhases = (
				8962DCD82A61683C0092F6A3 /* Sources */,
				8962DCD92A61683C0092F6A3 /* Frameworks */,
				8962DCDA2A61683C0092F6A3 /* Resources */,
			);
			buildRules = (
			);
			dependencies = (
			);
			name = iWeatherApp;
			productName = iWeatherApp;
			productReference = 8962DCDC2A61683C0092F6A3 /* iWeatherApp.app */;
			productType = "com.apple.product-type.application";
		};
		8962DCF12A61683E0092F6A3 /* iWeatherAppTests */ = {
			isa = PBXNativeTarget;
			buildConfigurationList = 8962DD092A61683E0092F6A3 /* Build configuration list for PBXNativeTarget "iWeatherAppTests" */;
			buildPhases = (
				8962DCEE2A61683E0092F6A3 /* Sources */,
				8962DCEF2A61683E0092F6A3 /* Frameworks */,
				8962DCF02A61683E0092F6A3 /* Resources */,
			);
			buildRules = (
			);
			dependencies = (
				8962DCF42A61683E0092F6A3 /* PBXTargetDependency */,
			);
			name = iWeatherAppTests;
			productName = iWeatherAppTests;
			productReference = 8962DCF22A61683E0092F6A3 /* iWeatherAppTests.xctest */;
			productType = "com.apple.product-type.bundle.unit-test";
		};
		8962DCFB2A61683E0092F6A3 /* iWeatherAppUITests */ = {
			isa = PBXNativeTarget;
			buildConfigurationList = 8962DD0C2A61683E0092F6A3 /* Build configuration list for PBXNativeTarget "iWeatherAppUITests" */;
			buildPhases = (
				8962DCF82A61683E0092F6A3 /* Sources */,
				8962DCF92A61683E0092F6A3 /* Frameworks */,
				8962DCFA2A61683E0092F6A3 /* Resources */,
			);
			buildRules = (
			);
			dependencies = (
				8962DCFE2A61683E0092F6A3 /* PBXTargetDependency */,
			);
			name = iWeatherAppUITests;
			productName = iWeatherAppUITests;
			productReference = 8962DCFC2A61683E0092F6A3 /* iWeatherAppUITests.xctest */;
			productType = "com.apple.product-type.bundle.ui-testing";
		};
/* End PBXNativeTarget section */

/* Begin PBXProject section */
		8962DCD42A61683C0092F6A3 /* Project object */ = {
			isa = PBXProject;
			attributes = {
				BuildIndependentTargetsInParallel = 1;
				LastSwiftUpdateCheck = 1430;
				LastUpgradeCheck = 1430;
				TargetAttributes = {
					8962DCDB2A61683C0092F6A3 = {
						CreatedOnToolsVersion = 14.3.1;
					};
					8962DCF12A61683E0092F6A3 = {
						CreatedOnToolsVersion = 14.3.1;
						TestTargetID = 8962DCDB2A61683C0092F6A3;
					};
					8962DCFB2A61683E0092F6A3 = {
						CreatedOnToolsVersion = 14.3.1;
						TestTargetID = 8962DCDB2A61683C0092F6A3;
					};
				};
			};
			buildConfigurationList = 8962DCD72A61683C0092F6A3 /* Build configuration list for PBXProject "iWeatherApp" */;
			compatibilityVersion = "Xcode 14.0";
			developmentRegion = en;
			hasScannedForEncodings = 0;
			knownRegions = (
				en,
				Base,
			);
			mainGroup = 8962DCD32A61683C0092F6A3;
			productRefGroup = 8962DCDD2A61683C0092F6A3 /* Products */;
			projectDirPath = "";
			projectRoot = "";
			targets = (
				8962DCDB2A61683C0092F6A3 /* iWeatherApp */,
				8962DCF12A61683E0092F6A3 /* iWeatherAppTests */,
				8962DCFB2A61683E0092F6A3 /* iWeatherAppUITests */,
			);
		};
/* End PBXProject section */

/* Begin PBXResourcesBuildPhase section */
		8962DCDA2A61683C0092F6A3 /* Resources */ = {
			isa = PBXResourcesBuildPhase;
			buildActionMask = 2147483647;
			files = (
				8962DCEC2A61683E0092F6A3 /* LaunchScreen.storyboard in Resources */,
				8962DCE92A61683E0092F6A3 /* Assets.xcassets in Resources */,
				8962DD262A6177970092F6A3 /* README.md in Resources */,
				8962DD282A6178060092F6A3 /* Documentation in Resources */,
				8962DCE72A61683C0092F6A3 /* Main.storyboard in Resources */,
			);
			runOnlyForDeploymentPostprocessing = 0;
		};
		8962DCF02A61683E0092F6A3 /* Resources */ = {
			isa = PBXResourcesBuildPhase;
			buildActionMask = 2147483647;
			files = (
			);
			runOnlyForDeploymentPostprocessing = 0;
		};
		8962DCFA2A61683E0092F6A3 /* Resources */ = {
			isa = PBXResourcesBuildPhase;
			buildActionMask = 2147483647;
			files = (
			);
			runOnlyForDeploymentPostprocessing = 0;
		};
/* End PBXResourcesBuildPhase section */

/* Begin PBXSourcesBuildPhase section */
		8962DCD82A61683C0092F6A3 /* Sources */ = {
			isa = PBXSourcesBuildPhase;
			buildActionMask = 2147483647;
			files = (
				8962DCE42A61683C0092F6A3 /* WeatherViewController.swift in Sources */,
				8962DD1D2A616D590092F6A3 /* WeatherData.swift in Sources */,
				8962DCE02A61683C0092F6A3 /* AppDelegate.swift in Sources */,
				8962DD1B2A616D4A0092F6A3 /* WeatherManager.swift in Sources */,
				8962DD1F2A616D700092F6A3 /* WeatherModel.swift in Sources */,
				8962DCE22A61683C0092F6A3 /* SceneDelegate.swift in Sources */,
			);
			runOnlyForDeploymentPostprocessing = 0;
		};
		8962DCEE2A61683E0092F6A3 /* Sources */ = {
			isa = PBXSourcesBuildPhase;
			buildActionMask = 2147483647;
			files = (
				8962DCF72A61683E0092F6A3 /* iWeatherAppTests.swift in Sources */,
			);
			runOnlyForDeploymentPostprocessing = 0;
		};
		8962DCF82A61683E0092F6A3 /* Sources */ = {
			isa = PBXSourcesBuildPhase;
			buildActionMask = 2147483647;
			files = (
				8962DD012A61683E0092F6A3 /* iWeatherAppUITests.swift in Sources */,
				8962DD032A61683E0092F6A3 /* iWeatherAppUITestsLaunchTests.swift in Sources */,
			);
			runOnlyForDeploymentPostprocessing = 0;
		};
/* End PBXSourcesBuildPhase section */

/* Begin PBXTargetDependency section */
		8962DCF42A61683E0092F6A3 /* PBXTargetDependency */ = {
			isa = PBXTargetDependency;
			target = 8962DCDB2A61683C0092F6A3 /* iWeatherApp */;
			targetProxy = 8962DCF32A61683E0092F6A3 /* PBXContainerItemProxy */;
		};
		8962DCFE2A61683E0092F6A3 /* PBXTargetDependency */ = {
			isa = PBXTargetDependency;
			target = 8962DCDB2A61683C0092F6A3 /* iWeatherApp */;
			targetProxy = 8962DCFD2A61683E0092F6A3 /* PBXContainerItemProxy */;
		};
/* End PBXTargetDependency section */

/* Begin PBXVariantGroup section */
		8962DCE52A61683C0092F6A3 /* Main.storyboard */ = {
			isa = PBXVariantGroup;
			children = (
				8962DCE62A61683C0092F6A3 /* Base */,
			);
			name = Main.storyboard;
			sourceTree = "<group>";
		};
		8962DCEA2A61683E0092F6A3 /* LaunchScreen.storyboard */ = {
			isa = PBXVariantGroup;
			children = (
				8962DCEB2A61683E0092F6A3 /* Base */,
			);
			name = LaunchScreen.storyboard;
			sourceTree = "<group>";
		};
/* End PBXVariantGroup section */

/* Begin XCBuildConfiguration section */
		8962DD042A61683E0092F6A3 /* Debug */ = {
			isa = XCBuildConfiguration;
			buildSettings = {
				ALWAYS_SEARCH_USER_PATHS = NO;
				CLANG_ANALYZER_NONNULL = YES;
				CLANG_ANALYZER_NUMBER_OBJECT_CONVERSION = YES_AGGRESSIVE;
				CLANG_CXX_LANGUAGE_STANDARD = "gnu++20";
				CLANG_ENABLE_MODULES = YES;
				CLANG_ENABLE_OBJC_ARC = YES;
				CLANG_ENABLE_OBJC_WEAK = YES;
				CLANG_WARN_BLOCK_CAPTURE_AUTORELEASING = YES;
				CLANG_WARN_BOOL_CONVERSION = YES;
				CLANG_WARN_COMMA = YES;
				CLANG_WARN_CONSTANT_CONVERSION = YES;
				CLANG_WARN_DEPRECATED_OBJC_IMPLEMENTATIONS = YES;
				CLANG_WARN_DIRECT_OBJC_ISA_USAGE = YES_ERROR;
				CLANG_WARN_DOCUMENTATION_COMMENTS = YES;
				CLANG_WARN_EMPTY_BODY = YES;
				CLANG_WARN_ENUM_CONVERSION = YES;
				CLANG_WARN_INFINITE_RECURSION = YES;
				CLANG_WARN_INT_CONVERSION = YES;
				CLANG_WARN_NON_LITERAL_NULL_CONVERSION = YES;
				CLANG_WARN_OBJC_IMPLICIT_RETAIN_SELF = YES;
				CLANG_WARN_OBJC_LITERAL_CONVERSION = YES;
				CLANG_WARN_OBJC_ROOT_CLASS = YES_ERROR;
				CLANG_WARN_QUOTED_INCLUDE_IN_FRAMEWORK_HEADER = YES;
				CLANG_WARN_RANGE_LOOP_ANALYSIS = YES;
				CLANG_WARN_STRICT_PROTOTYPES = YES;
				CLANG_WARN_SUSPICIOUS_MOVE = YES;
				CLANG_WARN_UNGUARDED_AVAILABILITY = YES_AGGRESSIVE;
				CLANG_WARN_UNREACHABLE_CODE = YES;
				CLANG_WARN__DUPLICATE_METHOD_MATCH = YES;
				COPY_PHASE_STRIP = NO;
				DEBUG_INFORMATION_FORMAT = dwarf;
				ENABLE_STRICT_OBJC_MSGSEND = YES;
				ENABLE_TESTABILITY = YES;
				GCC_C_LANGUAGE_STANDARD = gnu11;
				GCC_DYNAMIC_NO_PIC = NO;
				GCC_NO_COMMON_BLOCKS = YES;
				GCC_OPTIMIZATION_LEVEL = 0;
				GCC_PREPROCESSOR_DEFINITIONS = (
					"DEBUG=1",
					"$(inherited)",
				);
				GCC_WARN_64_TO_32_BIT_CONVERSION = YES;
				GCC_WARN_ABOUT_RETURN_TYPE = YES_ERROR;
				GCC_WARN_UNDECLARED_SELECTOR = YES;
				GCC_WARN_UNINITIALIZED_AUTOS = YES_AGGRESSIVE;
				GCC_WARN_UNUSED_FUNCTION = YES;
				GCC_WARN_UNUSED_VARIABLE = YES;
				IPHONEOS_DEPLOYMENT_TARGET = 16.4;
				MTL_ENABLE_DEBUG_INFO = INCLUDE_SOURCE;
				MTL_FAST_MATH = YES;
				ONLY_ACTIVE_ARCH = YES;
				SDKROOT = iphoneos;
				SWIFT_ACTIVE_COMPILATION_CONDITIONS = DEBUG;
				SWIFT_OPTIMIZATION_LEVEL = "-Onone";
			};
			name = Debug;
		};
		8962DD052A61683E0092F6A3 /* Release */ = {
			isa = XCBuildConfiguration;
			buildSettings = {
				ALWAYS_SEARCH_USER_PATHS = NO;
				CLANG_ANALYZER_NONNULL = YES;
				CLANG_ANALYZER_NUMBER_OBJECT_CONVERSION = YES_AGGRESSIVE;
				CLANG_CXX_LANGUAGE_STANDARD = "gnu++20";
				CLANG_ENABLE_MODULES = YES;
				CLANG_ENABLE_OBJC_ARC = YES;
				CLANG_ENABLE_OBJC_WEAK = YES;
				CLANG_WARN_BLOCK_CAPTURE_AUTORELEASING = YES;
				CLANG_WARN_BOOL_CONVERSION = YES;
				CLANG_WARN_COMMA = YES;
				CLANG_WARN_CONSTANT_CONVERSION = YES;
				CLANG_WARN_DEPRECATED_OBJC_IMPLEMENTATIONS = YES;
				CLANG_WARN_DIRECT_OBJC_ISA_USAGE = YES_ERROR;
				CLANG_WARN_DOCUMENTATION_COMMENTS = YES;
				CLANG_WARN_EMPTY_BODY = YES;
				CLANG_WARN_ENUM_CONVERSION = YES;
				CLANG_WARN_INFINITE_RECURSION = YES;
				CLANG_WARN_INT_CONVERSION = YES;
				CLANG_WARN_NON_LITERAL_NULL_CONVERSION = YES;
				CLANG_WARN_OBJC_IMPLICIT_RETAIN_SELF = YES;
				CLANG_WARN_OBJC_LITERAL_CONVERSION = YES;
				CLANG_WARN_OBJC_ROOT_CLASS = YES_ERROR;
				CLANG_WARN_QUOTED_INCLUDE_IN_FRAMEWORK_HEADER = YES;
				CLANG_WARN_RANGE_LOOP_ANALYSIS = YES;
				CLANG_WARN_STRICT_PROTOTYPES = YES;
				CLANG_WARN_SUSPICIOUS_MOVE = YES;
				CLANG_WARN_UNGUARDED_AVAILABILITY = YES_AGGRESSIVE;
				CLANG_WARN_UNREACHABLE_CODE = YES;
				CLANG_WARN__DUPLICATE_METHOD_MATCH = YES;
				COPY_PHASE_STRIP = NO;
				DEBUG_INFORMATION_FORMAT = "dwarf-with-dsym";
				ENABLE_NS_ASSERTIONS = NO;
				ENABLE_STRICT_OBJC_MSGSEND = YES;
				GCC_C_LANGUAGE_STANDARD = gnu11;
				GCC_NO_COMMON_BLOCKS = YES;
				GCC_WARN_64_TO_32_BIT_CONVERSION = YES;
				GCC_WARN_ABOUT_RETURN_TYPE = YES_ERROR;
				GCC_WARN_UNDECLARED_SELECTOR = YES;
				GCC_WARN_UNINITIALIZED_AUTOS = YES_AGGRESSIVE;
				GCC_WARN_UNUSED_FUNCTION = YES;
				GCC_WARN_UNUSED_VARIABLE = YES;
				IPHONEOS_DEPLOYMENT_TARGET = 16.4;
				MTL_ENABLE_DEBUG_INFO = NO;
				MTL_FAST_MATH = YES;
				SDKROOT = iphoneos;
				SWIFT_COMPILATION_MODE = wholemodule;
				SWIFT_OPTIMIZATION_LEVEL = "-O";
				VALIDATE_PRODUCT = YES;
			};
			name = Release;
		};
		8962DD072A61683E0092F6A3 /* Debug */ = {
			isa = XCBuildConfiguration;
			buildSettings = {
				ASSETCATALOG_COMPILER_APPICON_NAME = AppIcon;
				ASSETCATALOG_COMPILER_GLOBAL_ACCENT_COLOR_NAME = AccentColor;
				CODE_SIGN_STYLE = Automatic;
				CURRENT_PROJECT_VERSION = 1;
				DEVELOPMENT_TEAM = 39D67N2Q24;
				GENERATE_INFOPLIST_FILE = YES;
				INFOPLIST_FILE = iWeatherApp/Info.plist;
				INFOPLIST_KEY_UIApplicationSupportsIndirectInputEvents = YES;
				INFOPLIST_KEY_UILaunchStoryboardName = LaunchScreen;
				INFOPLIST_KEY_UIMainStoryboardFile = Main;
				INFOPLIST_KEY_UISupportedInterfaceOrientations_iPad = "UIInterfaceOrientationPortrait UIInterfaceOrientationPortraitUpsideDown UIInterfaceOrientationLandscapeLeft UIInterfaceOrientationLandscapeRight";
				INFOPLIST_KEY_UISupportedInterfaceOrientations_iPhone = "UIInterfaceOrientationPortrait UIInterfaceOrientationLandscapeLeft UIInterfaceOrientationLandscapeRight";
				LD_RUNPATH_SEARCH_PATHS = (
					"$(inherited)",
					"@executable_path/Frameworks",
				);
				MARKETING_VERSION = 1.0;
				PRODUCT_BUNDLE_IDENTIFIER = noxid..iWeatherApp;
				PRODUCT_NAME = "$(TARGET_NAME)";
				SWIFT_EMIT_LOC_STRINGS = YES;
				SWIFT_VERSION = 5.0;
				TARGETED_DEVICE_FAMILY = "1,2";
			};
			name = Debug;
		};
		8962DD082A61683E0092F6A3 /* Release */ = {
			isa = XCBuildConfiguration;
			buildSettings = {
				ASSETCATALOG_COMPILER_APPICON_NAME = AppIcon;
				ASSETCATALOG_COMPILER_GLOBAL_ACCENT_COLOR_NAME = AccentColor;
				CODE_SIGN_STYLE = Automatic;
				CURRENT_PROJECT_VERSION = 1;
				DEVELOPMENT_TEAM = 39D67N2Q24;
				GENERATE_INFOPLIST_FILE = YES;
				INFOPLIST_FILE = iWeatherApp/Info.plist;
				INFOPLIST_KEY_UIApplicationSupportsIndirectInputEvents = YES;
				INFOPLIST_KEY_UILaunchStoryboardName = LaunchScreen;
				INFOPLIST_KEY_UIMainStoryboardFile = Main;
				INFOPLIST_KEY_UISupportedInterfaceOrientations_iPad = "UIInterfaceOrientationPortrait UIInterfaceOrientationPortraitUpsideDown UIInterfaceOrientationLandscapeLeft UIInterfaceOrientationLandscapeRight";
				INFOPLIST_KEY_UISupportedInterfaceOrientations_iPhone = "UIInterfaceOrientationPortrait UIInterfaceOrientationLandscapeLeft UIInterfaceOrientationLandscapeRight";
				LD_RUNPATH_SEARCH_PATHS = (
					"$(inherited)",
					"@executable_path/Frameworks",
				);
				MARKETING_VERSION = 1.0;
				PRODUCT_BUNDLE_IDENTIFIER = noxid..iWeatherApp;
				PRODUCT_NAME = "$(TARGET_NAME)";
				SWIFT_EMIT_LOC_STRINGS = YES;
				SWIFT_VERSION = 5.0;
				TARGETED_DEVICE_FAMILY = "1,2";
			};
			name = Release;
		};
		8962DD0A2A61683E0092F6A3 /* Debug */ = {
			isa = XCBuildConfiguration;
			buildSettings = {
				ALWAYS_EMBED_SWIFT_STANDARD_LIBRARIES = YES;
				BUNDLE_LOADER = "$(TEST_HOST)";
				CODE_SIGN_STYLE = Automatic;
				CURRENT_PROJECT_VERSION = 1;
				DEVELOPMENT_TEAM = 39D67N2Q24;
				GENERATE_INFOPLIST_FILE = YES;
				IPHONEOS_DEPLOYMENT_TARGET = 16.4;
				MARKETING_VERSION = 1.0;
				PRODUCT_BUNDLE_IDENTIFIER = noxid..iWeatherAppTests;
				PRODUCT_NAME = "$(TARGET_NAME)";
				SWIFT_EMIT_LOC_STRINGS = NO;
				SWIFT_VERSION = 5.0;
				TARGETED_DEVICE_FAMILY = "1,2";
				TEST_HOST = "$(BUILT_PRODUCTS_DIR)/iWeatherApp.app/$(BUNDLE_EXECUTABLE_FOLDER_PATH)/iWeatherApp";
			};
			name = Debug;
		};
		8962DD0B2A61683E0092F6A3 /* Release */ = {
			isa = XCBuildConfiguration;
			buildSettings = {
				ALWAYS_EMBED_SWIFT_STANDARD_LIBRARIES = YES;
				BUNDLE_LOADER = "$(TEST_HOST)";
				CODE_SIGN_STYLE = Automatic;
				CURRENT_PROJECT_VERSION = 1;
				DEVELOPMENT_TEAM = 39D67N2Q24;
				GENERATE_INFOPLIST_FILE = YES;
				IPHONEOS_DEPLOYMENT_TARGET = 16.4;
				MARKETING_VERSION = 1.0;
				PRODUCT_BUNDLE_IDENTIFIER = noxid..iWeatherAppTests;
				PRODUCT_NAME = "$(TARGET_NAME)";
				SWIFT_EMIT_LOC_STRINGS = NO;
				SWIFT_VERSION = 5.0;
				TARGETED_DEVICE_FAMILY = "1,2";
				TEST_HOST = "$(BUILT_PRODUCTS_DIR)/iWeatherApp.app/$(BUNDLE_EXECUTABLE_FOLDER_PATH)/iWeatherApp";
			};
			name = Release;
		};
		8962DD0D2A61683E0092F6A3 /* Debug */ = {
			isa = XCBuildConfiguration;
			buildSettings = {
				ALWAYS_EMBED_SWIFT_STANDARD_LIBRARIES = YES;
				CODE_SIGN_STYLE = Automatic;
				CURRENT_PROJECT_VERSION = 1;
				DEVELOPMENT_TEAM = 39D67N2Q24;
				GENERATE_INFOPLIST_FILE = YES;
				MARKETING_VERSION = 1.0;
				PRODUCT_BUNDLE_IDENTIFIER = noxid..iWeatherAppUITests;
				PRODUCT_NAME = "$(TARGET_NAME)";
				SWIFT_EMIT_LOC_STRINGS = NO;
				SWIFT_VERSION = 5.0;
				TARGETED_DEVICE_FAMILY = "1,2";
				TEST_TARGET_NAME = iWeatherApp;
			};
			name = Debug;
		};
		8962DD0E2A61683E0092F6A3 /* Release */ = {
			isa = XCBuildConfiguration;
			buildSettings = {
				ALWAYS_EMBED_SWIFT_STANDARD_LIBRARIES = YES;
				CODE_SIGN_STYLE = Automatic;
				CURRENT_PROJECT_VERSION = 1;
				DEVELOPMENT_TEAM = 39D67N2Q24;
				GENERATE_INFOPLIST_FILE = YES;
				MARKETING_VERSION = 1.0;
				PRODUCT_BUNDLE_IDENTIFIER = noxid..iWeatherAppUITests;
				PRODUCT_NAME = "$(TARGET_NAME)";
				SWIFT_EMIT_LOC_STRINGS = NO;
				SWIFT_VERSION = 5.0;
				TARGETED_DEVICE_FAMILY = "1,2";
				TEST_TARGET_NAME = iWeatherApp;
			};
			name = Release;
		};
/* End XCBuildConfiguration section */

/* Begin XCConfigurationList section */
		8962DCD72A61683C0092F6A3 /* Build configuration list for PBXProject "iWeatherApp" */ = {
			isa = XCConfigurationList;
			buildConfigurations = (
				8962DD042A61683E0092F6A3 /* Debug */,
				8962DD052A61683E0092F6A3 /* Release */,
			);
			defaultConfigurationIsVisible = 0;
			defaultConfigurationName = Release;
		};
		8962DD062A61683E0092F6A3 /* Build configuration list for PBXNativeTarget "iWeatherApp" */ = {
			isa = XCConfigurationList;
			buildConfigurations = (
				8962DD072A61683E0092F6A3 /* Debug */,
				8962DD082A61683E0092F6A3 /* Release */,
			);
			defaultConfigurationIsVisible = 0;
			defaultConfigurationName = Release;
		};
		8962DD092A61683E0092F6A3 /* Build configuration list for PBXNativeTarget "iWeatherAppTests" */ = {
			isa = XCConfigurationList;
			buildConfigurations = (
				8962DD0A2A61683E0092F6A3 /* Debug */,
				8962DD0B2A61683E0092F6A3 /* Release */,
			);
			defaultConfigurationIsVisible = 0;
			defaultConfigurationName = Release;
		};
		8962DD0C2A61683E0092F6A3 /* Build configuration list for PBXNativeTarget "iWeatherAppUITests" */ = {
			isa = XCConfigurationList;
			buildConfigurations = (
				8962DD0D2A61683E0092F6A3 /* Debug */,
				8962DD0E2A61683E0092F6A3 /* Release */,
			);
			defaultConfigurationIsVisible = 0;
			defaultConfigurationName = Release;
		};
/* End XCConfigurationList section */
	};
	rootObject = 8962DCD42A61683C0092F6A3 /* Project object */;
}
